{
  "lockfileVersion": 1,
  "configVersion": 1,
  "workspaces": {
    "": {
      "name": "zombiectl",
      "dependencies": {
        "posthog-node": "^5.33.4",
        "uuid": "^11.0.0",
      },
      "devDependencies": {
        "oxlint": "^1.63.0",
        "playwright": "^1.49.0",
      },
    },
  },
  "packages": {
    "@oxlint/binding-android-arm-eabi": ["@oxlint/binding-android-arm-eabi@1.63.0", "", { "os": "android", "cpu": "arm" }, "sha512-A9xLtQt7i0OA1PoB/meog6kikXI9CdwEp7ZwQqmgnpKn3G3b1orvTDy8CQ6T7w1HvDrgWGB78PkFKcWgibcTCg=="],

    "@oxlint/binding-android-arm64": ["@oxlint/binding-android-arm64@1.63.0", "", { "os": "android", "cpu": "arm64" }, "sha512-SQo+ZMvdR9l3CxZp5W5gFNxSiDxclY6lOzzNpKYLF8asESpm3Pwumx0gER5T7aHLF1/2BAAtLD3DiDkdgy4V1A=="],

    "@oxlint/binding-darwin-arm64": ["@oxlint/binding-darwin-arm64@1.63.0", "", { "os": "darwin", "cpu": "arm64" }, "sha512-6W82XjJDTmMnjg30427l0dufpnyLoq7wEukKdM6/g2VIybRVuQiBVh43EA4b+UxZ3+tLcKm+Or/pXGNgLCEU8g=="],

    "@oxlint/binding-darwin-x64": ["@oxlint/binding-darwin-x64@1.63.0", "", { "os": "darwin", "cpu": "x64" }, "sha512-CnWd/YCuVG5W1BYkjJEVbJG11o526O9qAwBEQM+nh8K19CRFUkFdROXCyYkGmroHEYQe4vgQ6+lh3550Lp35Xw=="],

    "@oxlint/binding-freebsd-x64": ["@oxlint/binding-freebsd-x64@1.63.0", "", { "os": "freebsd", "cpu": "x64" }, "sha512-a4eZAqrmtajqcxfdAzC+l7g3PaE3V8hpAYqqeD3fTxLXOMFdK3eNTZrU80n4dDEVm0JXy1aL5PqvqWldBl6zYA=="],

    "@oxlint/binding-linux-arm-gnueabihf": ["@oxlint/binding-linux-arm-gnueabihf@1.63.0", "", { "os": "linux", "cpu": "arm" }, "sha512-tYUtU9TdbU3uXF5D62g5zXJ13iniFGhXQx5vp9cyEjGdbSAY3VdFBSaldYvyoDmgMZ0ZYuwQP1Y4t2Fhejwa0w=="],

    "@oxlint/binding-linux-arm-musleabihf": ["@oxlint/binding-linux-arm-musleabihf@1.63.0", "", { "os": "linux", "cpu": "arm" }, "sha512-I5r3twFf776UZg9dmRo2xbrKt00tTkORXEVe0ctg4vdTkQvJAjiCHxnbAU2HL1AiJ9cqADA76MAliuilsAWnvg=="],

    "@oxlint/binding-linux-arm64-gnu": ["@oxlint/binding-linux-arm64-gnu@1.63.0", "", { "os": "linux", "cpu": "arm64" }, "sha512-t7ltUkg6FFh4b564QyGir8xIj/QZbXu8FlcRkcyW9+ztr/mfRHlvUOFd95pJCXi9s/L5DrUeWWgpXRS+V+6igQ=="],

    "@oxlint/binding-linux-arm64-musl": ["@oxlint/binding-linux-arm64-musl@1.63.0", "", { "os": "linux", "cpu": "arm64" }, "sha512-Q5mmZy/XWjuYFUuQyYjOvZ5U/JkKEwnpir6hGxhh6HcdP0V/BKxLo8dqkfF/t7r7AguB17dfS/8+go5AQDRR6g=="],

    "@oxlint/binding-linux-ppc64-gnu": ["@oxlint/binding-linux-ppc64-gnu@1.63.0", "", { "os": "linux", "cpu": "ppc64" }, "sha512-uBGtuZ0TzLB4x5wVa82HGNvYqY8buwDhyCnCP0R0gkk9szqVsP0MeTtD5HX7EsEuFIt+aYmYxuxeVxs3nTSwtQ=="],

    "@oxlint/binding-linux-riscv64-gnu": ["@oxlint/binding-linux-riscv64-gnu@1.63.0", "", { "os": "linux", "cpu": "none" }, "sha512-h4s6FwxE+9MeA181o0dnDwHP32Y/bG8EiB/vrD6Ib+AMt6haigDc/0bUtI/sLmQDBMJnUfaCmtSSrEAqjtEVrA=="],

    "@oxlint/binding-linux-riscv64-musl": ["@oxlint/binding-linux-riscv64-musl@1.63.0", "", { "os": "linux", "cpu": "none" }, "sha512-2EaNcCBR8Mcjl5ARtuN3BdEpVkX7KpjSjMGZ/mJMIeaXgTtdz5ytg2VwygMSStA/k0ixfvZFoZOfjDEcouV5vQ=="],

    "@oxlint/binding-linux-s390x-gnu": ["@oxlint/binding-linux-s390x-gnu@1.63.0", "", { "os": "linux", "cpu": "s390x" }, "sha512-p4hlf/fd7TrYYl3QrWWD0GocqJefwMu3cHQhmi2FvEB/YOvFb5DZN3SMBaPi7B1TM5DeypkEtrVib674q1KKPg=="],

    "@oxlint/binding-linux-x64-gnu": ["@oxlint/binding-linux-x64-gnu@1.63.0", "", { "os": "linux", "cpu": "x64" }, "sha512-Vgq9rkRVcPcjbcH+ihYTfpeR7vCXfqpd+z5ItTGc0yYUV59L5ceHYN1iV4H9bKGV7Rn5hkVc7x3mSvHegduENA=="],

    "@oxlint/binding-linux-x64-musl": ["@oxlint/binding-linux-x64-musl@1.63.0", "", { "os": "linux", "cpu": "x64" }, "sha512-3/Lkq/ncooA61rorrC+ZQed1Bc4VpGj+WnGsp58zmxKgvZ2vhreu+dcVyr3mX8NUpq7mfZ4gDDTou/yrF1Pd7A=="],

    "@oxlint/binding-openharmony-arm64": ["@oxlint/binding-openharmony-arm64@1.63.0", "", { "os": "none", "cpu": "arm64" }, "sha512-0/EdD/6hDkx5Mfd769PTjvEM8mZ/6Dfukp1dBCL/2PjlIVGEtYdNZyok6ChqYPsT9JcFnlQnUeQzO0/1L/oC9w=="],

    "@oxlint/binding-win32-arm64-msvc": ["@oxlint/binding-win32-arm64-msvc@1.63.0", "", { "os": "win32", "cpu": "arm64" }, "sha512-wb0CUkN8ngwPiRQBjD1Cj0LsHeNvm+Xt6YBHDMtj2DVQVD6Oj8Ri7g6BD+KICf6LaBqZlmzOvy6nF9E/8yyGOg=="],

    "@oxlint/binding-win32-ia32-msvc": ["@oxlint/binding-win32-ia32-msvc@1.63.0", "", { "os": "win32", "cpu": "ia32" }, "sha512-BX5iq+ovdNlVYhSn5qPMUIT0uwAwt2lmEnCnzK+Gkhw4DovIvhGb96OFhV8yzQNUnQxn/xGkOR+X+BLrLDNm8w=="],

    "@oxlint/binding-win32-x64-msvc": ["@oxlint/binding-win32-x64-msvc@1.63.0", "", { "os": "win32", "cpu": "x64" }, "sha512-QeN/WELOfsXMeYwxvfgQrl6CbVftYUCZsGXHjXQd5Trccm8+i4gmtxaOui4xbJQaiDlviF8F3yLSBloQUeFsfA=="],

    "@posthog/core": ["@posthog/core@1.28.4", "", { "dependencies": { "@posthog/types": "1.372.10" } }, "sha512-wmtUYHYqA3zIAKDKvYWRNWAQsWOIBwxV08e+bWzVy0wQQzpaS/LzzRupXWRMRrLOk+1x3JKFxbqA3n0QGvpqsQ=="],

    "@posthog/types": ["@posthog/types@1.372.10", "", {}, "sha512-KuT3vLu3LSFsNWCwasS4gqjH/ysAyIUcB/aJSmKyNhDd/85hAznHRz1eSSl0sMvtsDTYiQIq0I0ybduVbrpPew=="],

    "fsevents": ["fsevents@2.3.2", "", { "os": "darwin" }, "sha512-xiqMQR4xAeHTuB9uWm+fFRcIOgKBMiOBP+eXiyT7jsgVCq1bkVygt00oASowB7EdtpOHaaPgKt812P9ab+DDKA=="],

    "oxlint": ["oxlint@1.63.0", "", { "optionalDependencies": { "@oxlint/binding-android-arm-eabi": "1.63.0", "@oxlint/binding-android-arm64": "1.63.0", "@oxlint/binding-darwin-arm64": "1.63.0", "@oxlint/binding-darwin-x64": "1.63.0", "@oxlint/binding-freebsd-x64": "1.63.0", "@oxlint/binding-linux-arm-gnueabihf": "1.63.0", "@oxlint/binding-linux-arm-musleabihf": "1.63.0", "@oxlint/binding-linux-arm64-gnu": "1.63.0", "@oxlint/binding-linux-arm64-musl": "1.63.0", "@oxlint/binding-linux-ppc64-gnu": "1.63.0", "@oxlint/binding-linux-riscv64-gnu": "1.63.0", "@oxlint/binding-linux-riscv64-musl": "1.63.0", "@oxlint/binding-linux-s390x-gnu": "1.63.0", "@oxlint/binding-linux-x64-gnu": "1.63.0", "@oxlint/binding-linux-x64-musl": "1.63.0", "@oxlint/binding-openharmony-arm64": "1.63.0", "@oxlint/binding-win32-arm64-msvc": "1.63.0", "@oxlint/binding-win32-ia32-msvc": "1.63.0", "@oxlint/binding-win32-x64-msvc": "1.63.0" }, "peerDependencies": { "oxlint-tsgolint": ">=0.22.1" }, "optionalPeers": ["oxlint-tsgolint"], "bin": { "oxlint": "bin/oxlint" } }, "sha512-9TGXetdjgIHOJ9OiReomP7nnrMkV9HxC1xM2ramJSLQpzxjsAJtQwa4wqkJN2f/uCrqZuJseFuSlWDdvcruveg=="],

    "playwright": ["playwright@1.60.0", "", { "dependencies": { "playwright-core": "1.60.0" }, "optionalDependencies": { "fsevents": "2.3.2" }, "bin": { "playwright": "cli.js" } }, "sha512-hheHdokM8cdqCb0lcE3s+zT4t4W+vvjpGxsZlDnikarzx8tSzMebh3UiFtgqwFwnTnjYQcsyMF8ei2mCO/tpeA=="],

    "playwright-core": ["playwright-core@1.60.0", "", { "bin": { "playwright-core": "cli.js" } }, "sha512-9bW6zvX/m0lEbgTKJ6YppOKx8H3VOPBMOCFh2irXFOT4BbHgrx5hPjwJYLT40Lu+4qtD36qKc/Hn56StUW57IA=="],

    "posthog-node": ["posthog-node@5.33.4", "", { "dependencies": { "@posthog/core": "1.28.4" }, "peerDependencies": { "rxjs": "^7.0.0" }, "optionalPeers": ["rxjs"] }, "sha512-kK6nepnkSStbbxWxB2ZFhKxE2nw9tSHLv/3tUKcypwzKfovp8e8icsndBVf9RTHxiXBiF1M3B13tWvjBT2UWBw=="],

    "uuid": ["uuid@11.1.1", "", { "bin": { "uuid": "dist/esm/bin/uuid" } }, "sha512-vIYxrBCC/N/K+Js3qSN88go7kIfNPssr/hHCesKCQNAjmgvYS2oqr69kIufEG+O4+PfezOH4EbIeHCfFov8ZgQ=="],
  }
}
