{
  "lockfileVersion": 1,
  "configVersion": 1,
  "workspaces": {
    "": {
      "name": "zombiectl",
      "dependencies": {
        "posthog-node": "^5.28.11",
      },
    },
  },
  "packages": {
    "@posthog/core": ["@posthog/core@1.24.6", "", {}, "sha512-9WkcRKqmXSWIJcca6m3VwA9YbFd4HiG2hKEtDq6FcwEHlvfDhQQUZ5/sJZ47Fw8OtyNMHQ6rW4+COttk4Bg5NQ=="],

    "posthog-node": ["posthog-node@5.28.11", "", { "dependencies": { "@posthog/core": "1.24.6" }, "peerDependencies": { "rxjs": "^7.0.0" }, "optionalPeers": ["rxjs"] }, "sha512-H4FOiqKUBO8SVXyXlU5tyifeS11hyTGVwBirFPR5rPtw8X6OFs5xVLx38YL7ZBLjaa9u8is+nIWXKBwWsZ2vlw=="],
  }
}
